packages:
- git: https://github.com/dbt-labs/dbt-codegen.git
  name: codegen
  revision: c4d495b8bb27a1448146dd7c928c56d95003c6f0
- package: brooklyn-data/dbt_artifacts
  name: dbt_artifacts
  version: 2.10.0
- package: dbt-labs/dbt_utils
  name: dbt_utils
  version: 1.3.3
sha1_hash: 24f0cf723d0b2aa0ae69688e652334fabbdcf687
