packages:
- git: https://github.com/dbt-labs/dbt-codegen.git
  name: codegen
  revision: c4d495b8bb27a1448146dd7c928c56d95003c6f0
- package: brooklyn-data/dbt_artifacts
  name: dbt_artifacts
  version: 2.10.0
- package: fishtown-analytics/dbt_utils
  name: dbt_utils
  version: 0.7.0
- package: gitlabhq/snowflake_spend
  name: snowflake_spend
  version: 1.2.0
sha1_hash: 6d753c7b2376130e67eb0f2d19f544e980cdb948
